
Microsoft Visual Studio Solution File, Format Version 12.00
# Visual Studio 15
VisualStudioVersion = 15.0.27428.2037
MinimumVisualStudioVersion = 10.0.40219.1
Project("{9A19103F-16F7-4668-BE54-9A1E7A4F7556}") = "BotService", "BotService.csproj", "{06C6A292-EA24-4C02-846F-0A56D4A0860C}"
EndProject
Global
	GlobalSection(SolutionConfigurationPlatforms) = preSolution
		Debug|Any CPU = Debug|Any CPU
		Release|Any CPU = Release|Any CPU
	EndGlobalSection
	GlobalSection(ProjectConfigurationPlatforms) = postSolution
		{06C6A292-EA24-4C02-846F-0A56D4A0860C}.Debug|Any CPU.ActiveCfg = Debug|Any CPU
		{06C6A292-EA24-4C02-846F-0A56D4A0860C}.Debug|Any CPU.Build.0 = Debug|Any CPU
		{06C6A292-EA24-4C02-846F-0A56D4A0860C}.Release|Any CPU.ActiveCfg = Release|Any CPU
		{06C6A292-EA24-4C02-846F-0A56D4A0860C}.Release|Any CPU.Build.0 = Release|Any CPU
	EndGlobalSection
	GlobalSection(SolutionProperties) = preSolution
		HideSolutionNode = FALSE
	EndGlobalSection
	GlobalSection(ExtensibilityGlobals) = postSolution
		SolutionGuid = {B5B63277-349A-4EBC-AE00-F6C08F4DFEE0}
	EndGlobalSection
EndGlobal
